// !$*UTF8*$!
{
	archiveVersion = 1;
	classes = {
	};
	objectVersion = 46;
	objects = {

/* Begin PBXBuildFile section */
		6519A2981D82D8EF00744BE5 /* main.cpp in Sources */ = {isa = PBXBuildFile; fileRef = 6519A2961D82D8EF00744BE5 /* main.cpp */; };
/* End PBXBuildFile section */

/* Begin PBXCopyFilesBuildPhase section */
		6519A28A1D82D8B100744BE5 /* CopyFiles */ = {
			isa = PBXCopyFilesBuildPhase;
			buildActionMask = 2147483647;
			dstPath = /usr/share/man/man1/;
			dstSubfolderSpec = 0;
			files = (
			);
			runOnlyForDeploymentPostprocessing = 1;
		};
/* End PBXCopyFilesBuildPhase section */

/* Begin PBXFileReference section */
		65175DEB1DADA322005E9541 /* .travis.yml */ = {isa = PBXFileReference; fileEncoding = 4; lastKnownFileType = text; path = .travis.yml; sourceTree = "<group>"; };
		6519A28C1D82D8B100744BE5 /* Print */ = {isa = PBXFileReference; explicitFileType = "compiled.mach-o.executable"; includeInIndex = 0; path = Print; sourceTree = BUILT_PRODUCTS_DIR; };
		6519A2961D82D8EF00744BE5 /* main.cpp */ = {isa = PBXFileReference; fileEncoding = 4; lastKnownFileType = sourcecode.cpp.cpp; path = main.cpp; sourceTree = "<group>"; };
		6519A2971D82D8EF00744BE5 /* print.hpp */ = {isa = PBXFileReference; fileEncoding = 4; lastKnownFileType = sourcecode.cpp.h; path = print.hpp; sourceTree = "<group>"; };
		6519A2991D82D94900744BE5 /* LICENCE */ = {isa = PBXFileReference; fileEncoding = 4; lastKnownFileType = text; path = LICENCE; sourceTree = "<group>"; };
		6519A29A1D82D94900744BE5 /* README.md */ = {isa = PBXFileReference; fileEncoding = 4; lastKnownFileType = net.daringfireball.markdown; path = README.md; sourceTree = "<group>"; };
		65B7E4B61DAE892F00289530 /* Makefile */ = {isa = PBXFileReference; fileEncoding = 4; lastKnownFileType = sourcecode.make; path = Makefile; sourceTree = "<group>"; };
/* End PBXFileReference section */

/* Begin PBXFrameworksBuildPhase section */
		6519A2891D82D8B100744BE5 /* Frameworks */ = {
			isa = PBXFrameworksBuildPhase;
			buildActionMask = 2147483647;
			files = (
			);
			runOnlyForDeploymentPostprocessing = 0;
		};
/* End PBXFrameworksBuildPhase section */

/* Begin PBXGroup section */
		6519A2831D82D8B100744BE5 = {
			isa = PBXGroup;
			children = (
				65175DEB1DADA322005E9541 /* .travis.yml */,
				6519A2991D82D94900744BE5 /* LICENCE */,
				6519A29A1D82D94900744BE5 /* README.md */,
				6519A28E1D82D8B100744BE5 /* Print */,
				6519A28D1D82D8B100744BE5 /* Products */,
			);
			sourceTree = "<group>";
		};
		6519A28D1D82D8B100744BE5 /* Products */ = {
			isa = PBXGroup;
			children = (
				6519A28C1D82D8B100744BE5 /* Print */,
			);
			name = Products;
			sourceTree = "<group>";
		};
		6519A28E1D82D8B100744BE5 /* Print */ = {
			isa = PBXGroup;
			children = (
				65B7E4B61DAE892F00289530 /* Makefile */,
				6519A2961D82D8EF00744BE5 /* main.cpp */,
				6519A2971D82D8EF00744BE5 /* print.hpp */,
			);
			path = Print;
			sourceTree = "<group>";
		};
/* End PBXGroup section */

/* Begin PBXNativeTarget section */
		6519A28B1D82D8B100744BE5 /* Print */ = {
			isa = PBXNativeTarget;
			buildConfigurationList = 6519A2931D82D8B100744BE5 /* Build configuration list for PBXNativeTarget "Print" */;
			buildPhases = (
				6519A2881D82D8B100744BE5 /* Sources */,
				6519A2891D82D8B100744BE5 /* Frameworks */,
				6519A28A1D82D8B100744BE5 /* CopyFiles */,
			);
			buildRules = (
			);
			dependencies = (
			);
			name = Print;
			productName = Print;
			productReference = 6519A28C1D82D8B100744BE5 /* Print */;
			productType = "com.apple.product-type.tool";
		};
/* End PBXNativeTarget section */

/* Begin PBXProject section */
		6519A2841D82D8B100744BE5 /* Project object */ = {
			isa = PBXProject;
			attributes = {
				LastUpgradeCheck = 0800;
				ORGANIZATIONNAME = "Daniel Illescas Romero";
				TargetAttributes = {
					6519A28B1D82D8B100744BE5 = {
						CreatedOnToolsVersion = 8.0;
						DevelopmentTeam = PRK6268SLD;
						ProvisioningStyle = Automatic;
					};
				};
			};
			buildConfigurationList = 6519A2871D82D8B100744BE5 /* Build configuration list for PBXProject "Print" */;
			compatibilityVersion = "Xcode 3.2";
			developmentRegion = English;
			hasScannedForEncodings = 0;
			knownRegions = (
				en,
			);
			mainGroup = 6519A2831D82D8B100744BE5;
			productRefGroup = 6519A28D1D82D8B100744BE5 /* Products */;
			projectDirPath = "";
			projectRoot = "";
			targets = (
				6519A28B1D82D8B100744BE5 /* Print */,
			);
		};
/* End PBXProject section */

/* Begin PBXSourcesBuildPhase section */
		6519A2881D82D8B100744BE5 /* Sources */ = {
			isa = PBXSourcesBuildPhase;
			buildActionMask = 2147483647;
			files = (
				6519A2981D82D8EF00744BE5 /* main.cpp in Sources */,
			);
			runOnlyForDeploymentPostprocessing = 0;
		};
/* End PBXSourcesBuildPhase section */

/* Begin XCBuildConfiguration section */
		6519A2911D82D8B100744BE5 /* Debug */ = {
			isa = XCBuildConfiguration;
			buildSettings = {
				ALWAYS_SEARCH_USER_PATHS = NO;
				CLANG_ANALYZER_NONNULL = YES;
				CLANG_CXX_LANGUAGE_STANDARD = "gnu++14";
				CLANG_CXX_LIBRARY = "libc++";
				CLANG_ENABLE_MODULES = YES;
				CLANG_ENABLE_OBJC_ARC = YES;
				CLANG_WARN_BOOL_CONVERSION = YES;
				CLANG_WARN_CONSTANT_CONVERSION = YES;
				CLANG_WARN_DIRECT_OBJC_ISA_USAGE = YES_ERROR;
				CLANG_WARN_DOCUMENTATION_COMMENTS = YES;
				CLANG_WARN_EMPTY_BODY = YES;
				CLANG_WARN_ENUM_CONVERSION = YES;
				CLANG_WARN_INFINITE_RECURSION = YES;
				CLANG_WARN_INT_CONVERSION = YES;
				CLANG_WARN_OBJC_ROOT_CLASS = YES_ERROR;
				CLANG_WARN_SUSPICIOUS_MOVES = YES;
				CLANG_WARN_UNREACHABLE_CODE = YES;
				CLANG_WARN__DUPLICATE_METHOD_MATCH = YES;
				CODE_SIGN_IDENTITY = "-";
				COPY_PHASE_STRIP = NO;
				DEBUG_INFORMATION_FORMAT = dwarf;
				ENABLE_STRICT_OBJC_MSGSEND = YES;
				ENABLE_TESTABILITY = YES;
				GCC_C_LANGUAGE_STANDARD = gnu99;
				GCC_DYNAMIC_NO_PIC = NO;
				GCC_NO_COMMON_BLOCKS = YES;
				GCC_OPTIMIZATION_LEVEL = 0;
				GCC_PREPROCESSOR_DEFINITIONS = (
					"DEBUG=1",
					"$(inherited)",
				);
				GCC_WARN_64_TO_32_BIT_CONVERSION = YES;
				GCC_WARN_ABOUT_RETURN_TYPE = YES_ERROR;
				GCC_WARN_UNDECLARED_SELECTOR = YES;
				GCC_WARN_UNINITIALIZED_AUTOS = YES_AGGRESSIVE;
				GCC_WARN_UNUSED_FUNCTION = YES;
				GCC_WARN_UNUSED_VARIABLE = YES;
				MACOSX_DEPLOYMENT_TARGET = 10.12;
				MTL_ENABLE_DEBUG_INFO = YES;
				ONLY_ACTIVE_ARCH = YES;
				SDKROOT = macosx;
			};
			name = Debug;
		};
		6519A2921D82D8B100744BE5 /* Release */ = {
			isa = XCBuildConfiguration;
			buildSettings = {
				ALWAYS_SEARCH_USER_PATHS = NO;
				CLANG_ANALYZER_NONNULL = YES;
				CLANG_CXX_LANGUAGE_STANDARD = "gnu++14";
				CLANG_CXX_LIBRARY = "libc++";
				CLANG_ENABLE_MODULES = YES;
				CLANG_ENABLE_OBJC_ARC = YES;
				CLANG_WARN_BOOL_CONVERSION = YES;
				CLANG_WARN_CONSTANT_CONVERSION = YES;
				CLANG_WARN_DIRECT_OBJC_ISA_USAGE = YES_ERROR;
				CLANG_WARN_DOCUMENTATION_COMMENTS = YES;
				CLANG_WARN_EMPTY_BODY = YES;
				CLANG_WARN_ENUM_CONVERSION = YES;
				CLANG_WARN_INFINITE_RECURSION = YES;
				CLANG_WARN_INT_CONVERSION = YES;
				CLANG_WARN_OBJC_ROOT_CLASS = YES_ERROR;
				CLANG_WARN_SUSPICIOUS_MOVES = YES;
				CLANG_WARN_UNREACHABLE_CODE = YES;
				CLANG_WARN__DUPLICATE_METHOD_MATCH = YES;
				CODE_SIGN_IDENTITY = "-";
				COPY_PHASE_STRIP = NO;
				DEBUG_INFORMATION_FORMAT = "dwarf-with-dsym";
				ENABLE_NS_ASSERTIONS = NO;
				ENABLE_STRICT_OBJC_MSGSEND = YES;
				GCC_C_LANGUAGE_STANDARD = gnu99;
				GCC_NO_COMMON_BLOCKS = YES;
				GCC_WARN_64_TO_32_BIT_CONVERSION = YES;
				GCC_WARN_ABOUT_RETURN_TYPE = YES_ERROR;
				GCC_WARN_UNDECLARED_SELECTOR = YES;
				GCC_WARN_UNINITIALIZED_AUTOS = YES_AGGRESSIVE;
				GCC_WARN_UNUSED_FUNCTION = YES;
				GCC_WARN_UNUSED_VARIABLE = YES;
				MACOSX_DEPLOYMENT_TARGET = 10.12;
				MTL_ENABLE_DEBUG_INFO = NO;
				SDKROOT = macosx;
			};
			name = Release;
		};
		6519A2941D82D8B100744BE5 /* Debug */ = {
			isa = XCBuildConfiguration;
			buildSettings = {
				CLANG_CXX_LANGUAGE_STANDARD = "gnu++14";
				CODE_SIGN_IDENTITY = "Mac Developer";
				DEVELOPMENT_TEAM = PRK6268SLD;
				HEADER_SEARCH_PATHS = /usr/local/boost_1_61_0;
				PRODUCT_NAME = "$(TARGET_NAME)";
			};
			name = Debug;
		};
		6519A2951D82D8B100744BE5 /* Release */ = {
			isa = XCBuildConfiguration;
			buildSettings = {
				CLANG_CXX_LANGUAGE_STANDARD = "gnu++14";
				CODE_SIGN_IDENTITY = "Mac Developer";
				DEVELOPMENT_TEAM = PRK6268SLD;
				HEADER_SEARCH_PATHS = /usr/local/boost_1_61_0;
				PRODUCT_NAME = "$(TARGET_NAME)";
			};
			name = Release;
		};
/* End XCBuildConfiguration section */

/* Begin XCConfigurationList section */
		6519A2871D82D8B100744BE5 /* Build configuration list for PBXProject "Print" */ = {
			isa = XCConfigurationList;
			buildConfigurations = (
				6519A2911D82D8B100744BE5 /* Debug */,
				6519A2921D82D8B100744BE5 /* Release */,
			);
			defaultConfigurationIsVisible = 0;
			defaultConfigurationName = Release;
		};
		6519A2931D82D8B100744BE5 /* Build configuration list for PBXNativeTarget "Print" */ = {
			isa = XCConfigurationList;
			buildConfigurations = (
				6519A2941D82D8B100744BE5 /* Debug */,
				6519A2951D82D8B100744BE5 /* Release */,
			);
			defaultConfigurationIsVisible = 0;
			defaultConfigurationName = Release;
		};
/* End XCConfigurationList section */
	};
	rootObject = 6519A2841D82D8B100744BE5 /* Project object */;
}
